# This file was autogenerated by Stack.
# You should not edit this file by hand.
# For more information, please see the documentation at:
#   https://docs.haskellstack.org/en/stable/lock_files

packages: []
snapshots:
- completed:
    size: 630640
    url: https://raw.githubusercontent.com/commercialhaskell/stackage-snapshots/master/nightly/2022/8/19.yaml
    sha256: a10f9e3f425aa803549f72b29adb0825ac68262b16140e855f5683b91c2bedfe
  original: nightly-2022-08-19
